
Microsoft Visual Studio Solution File, Format Version 12.00
# Visual Studio Version 16
VisualStudioVersion = 16.0.29609.76
MinimumVisualStudioVersion = 10.0.40219.1
Project("{8BC9CEB8-8B4A-11D0-8D11-00A0C91BC942}") = "mediator", "mediator\mediator.vcxproj", "{7B4C57C1-C70C-4B42-967D-65BFE2F643E5}"
EndProject
Project("{8BC9CEB8-8B4A-11D0-8D11-00A0C91BC942}") = "visitor", "visitor\visitor.vcxproj", "{38E82920-37BB-4DA8-91DE-481F35EC4D39}"
EndProject
Project("{8BC9CEB8-8B4A-11D0-8D11-00A0C91BC942}") = "state", "state\state.vcxproj", "{F473C89E-3931-46AF-9238-CDDB04A568D0}"
EndProject
Project("{8BC9CEB8-8B4A-11D0-8D11-00A0C91BC942}") = "adapter", "adapter\adapter.vcxproj", "{022568AE-CA03-46C3-A8D4-5618D6928E39}"
EndProject
Project("{8BC9CEB8-8B4A-11D0-8D11-00A0C91BC942}") = "bridge", "bridge\bridge.vcxproj", "{B7DBA059-5833-4433-8DD5-368A3E11A963}"
EndProject
Project("{8BC9CEB8-8B4A-11D0-8D11-00A0C91BC942}") = "composite", "composite\composite.vcxproj", "{EA43E9A9-8206-4192-8F07-9DF9ADCE5000}"
EndProject
Project("{8BC9CEB8-8B4A-11D0-8D11-00A0C91BC942}") = "decorator", "decorator\decorator.vcxproj", "{6457694E-0A22-414D-A90B-37456240008C}"
EndProject
Project("{8BC9CEB8-8B4A-11D0-8D11-00A0C91BC942}") = "strategy", "strategy\strategy.vcxproj", "{AF82DD8B-65E4-4F56-A9BA-C6B5B914BE8D}"
EndProject
Global
	GlobalSection(SolutionConfigurationPlatforms) = preSolution
		Debug|x64 = Debug|x64
		Debug|x86 = Debug|x86
		Release|x64 = Release|x64
		Release|x86 = Release|x86
	EndGlobalSection
	GlobalSection(ProjectConfigurationPlatforms) = postSolution
		{7B4C57C1-C70C-4B42-967D-65BFE2F643E5}.Debug|x64.ActiveCfg = Debug|x64
		{7B4C57C1-C70C-4B42-967D-65BFE2F643E5}.Debug|x64.Build.0 = Debug|x64
		{7B4C57C1-C70C-4B42-967D-65BFE2F643E5}.Debug|x86.ActiveCfg = Debug|Win32
		{7B4C57C1-C70C-4B42-967D-65BFE2F643E5}.Debug|x86.Build.0 = Debug|Win32
		{7B4C57C1-C70C-4B42-967D-65BFE2F643E5}.Release|x64.ActiveCfg = Release|x64
		{7B4C57C1-C70C-4B42-967D-65BFE2F643E5}.Release|x64.Build.0 = Release|x64
		{7B4C57C1-C70C-4B42-967D-65BFE2F643E5}.Release|x86.ActiveCfg = Release|Win32
		{7B4C57C1-C70C-4B42-967D-65BFE2F643E5}.Release|x86.Build.0 = Release|Win32
		{38E82920-37BB-4DA8-91DE-481F35EC4D39}.Debug|x64.ActiveCfg = Debug|x64
		{38E82920-37BB-4DA8-91DE-481F35EC4D39}.Debug|x64.Build.0 = Debug|x64
		{38E82920-37BB-4DA8-91DE-481F35EC4D39}.Debug|x86.ActiveCfg = Debug|Win32
		{38E82920-37BB-4DA8-91DE-481F35EC4D39}.Debug|x86.Build.0 = Debug|Win32
		{38E82920-37BB-4DA8-91DE-481F35EC4D39}.Release|x64.ActiveCfg = Release|x64
		{38E82920-37BB-4DA8-91DE-481F35EC4D39}.Release|x64.Build.0 = Release|x64
		{38E82920-37BB-4DA8-91DE-481F35EC4D39}.Release|x86.ActiveCfg = Release|Win32
		{38E82920-37BB-4DA8-91DE-481F35EC4D39}.Release|x86.Build.0 = Release|Win32
		{F473C89E-3931-46AF-9238-CDDB04A568D0}.Debug|x64.ActiveCfg = Debug|x64
		{F473C89E-3931-46AF-9238-CDDB04A568D0}.Debug|x64.Build.0 = Debug|x64
		{F473C89E-3931-46AF-9238-CDDB04A568D0}.Debug|x86.ActiveCfg = Debug|Win32
		{F473C89E-3931-46AF-9238-CDDB04A568D0}.Debug|x86.Build.0 = Debug|Win32
		{F473C89E-3931-46AF-9238-CDDB04A568D0}.Release|x64.ActiveCfg = Release|x64
		{F473C89E-3931-46AF-9238-CDDB04A568D0}.Release|x64.Build.0 = Release|x64
		{F473C89E-3931-46AF-9238-CDDB04A568D0}.Release|x86.ActiveCfg = Release|Win32
		{F473C89E-3931-46AF-9238-CDDB04A568D0}.Release|x86.Build.0 = Release|Win32
		{022568AE-CA03-46C3-A8D4-5618D6928E39}.Debug|x64.ActiveCfg = Debug|x64
		{022568AE-CA03-46C3-A8D4-5618D6928E39}.Debug|x64.Build.0 = Debug|x64
		{022568AE-CA03-46C3-A8D4-5618D6928E39}.Debug|x86.ActiveCfg = Debug|Win32
		{022568AE-CA03-46C3-A8D4-5618D6928E39}.Debug|x86.Build.0 = Debug|Win32
		{022568AE-CA03-46C3-A8D4-5618D6928E39}.Release|x64.ActiveCfg = Release|x64
		{022568AE-CA03-46C3-A8D4-5618D6928E39}.Release|x64.Build.0 = Release|x64
		{022568AE-CA03-46C3-A8D4-5618D6928E39}.Release|x86.ActiveCfg = Release|Win32
		{022568AE-CA03-46C3-A8D4-5618D6928E39}.Release|x86.Build.0 = Release|Win32
		{B7DBA059-5833-4433-8DD5-368A3E11A963}.Debug|x64.ActiveCfg = Debug|x64
		{B7DBA059-5833-4433-8DD5-368A3E11A963}.Debug|x64.Build.0 = Debug|x64
		{B7DBA059-5833-4433-8DD5-368A3E11A963}.Debug|x86.ActiveCfg = Debug|Win32
		{B7DBA059-5833-4433-8DD5-368A3E11A963}.Debug|x86.Build.0 = Debug|Win32
		{B7DBA059-5833-4433-8DD5-368A3E11A963}.Release|x64.ActiveCfg = Release|x64
		{B7DBA059-5833-4433-8DD5-368A3E11A963}.Release|x64.Build.0 = Release|x64
		{B7DBA059-5833-4433-8DD5-368A3E11A963}.Release|x86.ActiveCfg = Release|Win32
		{B7DBA059-5833-4433-8DD5-368A3E11A963}.Release|x86.Build.0 = Release|Win32
		{EA43E9A9-8206-4192-8F07-9DF9ADCE5000}.Debug|x64.ActiveCfg = Debug|x64
		{EA43E9A9-8206-4192-8F07-9DF9ADCE5000}.Debug|x64.Build.0 = Debug|x64
		{EA43E9A9-8206-4192-8F07-9DF9ADCE5000}.Debug|x86.ActiveCfg = Debug|Win32
		{EA43E9A9-8206-4192-8F07-9DF9ADCE5000}.Debug|x86.Build.0 = Debug|Win32
		{EA43E9A9-8206-4192-8F07-9DF9ADCE5000}.Release|x64.ActiveCfg = Release|x64
		{EA43E9A9-8206-4192-8F07-9DF9ADCE5000}.Release|x64.Build.0 = Release|x64
		{EA43E9A9-8206-4192-8F07-9DF9ADCE5000}.Release|x86.ActiveCfg = Release|Win32
		{EA43E9A9-8206-4192-8F07-9DF9ADCE5000}.Release|x86.Build.0 = Release|Win32
		{6457694E-0A22-414D-A90B-37456240008C}.Debug|x64.ActiveCfg = Debug|x64
		{6457694E-0A22-414D-A90B-37456240008C}.Debug|x64.Build.0 = Debug|x64
		{6457694E-0A22-414D-A90B-37456240008C}.Debug|x86.ActiveCfg = Debug|Win32
		{6457694E-0A22-414D-A90B-37456240008C}.Debug|x86.Build.0 = Debug|Win32
		{6457694E-0A22-414D-A90B-37456240008C}.Release|x64.ActiveCfg = Release|x64
		{6457694E-0A22-414D-A90B-37456240008C}.Release|x64.Build.0 = Release|x64
		{6457694E-0A22-414D-A90B-37456240008C}.Release|x86.ActiveCfg = Release|Win32
		{6457694E-0A22-414D-A90B-37456240008C}.Release|x86.Build.0 = Release|Win32
		{AF82DD8B-65E4-4F56-A9BA-C6B5B914BE8D}.Debug|x64.ActiveCfg = Debug|x64
		{AF82DD8B-65E4-4F56-A9BA-C6B5B914BE8D}.Debug|x64.Build.0 = Debug|x64
		{AF82DD8B-65E4-4F56-A9BA-C6B5B914BE8D}.Debug|x86.ActiveCfg = Debug|Win32
		{AF82DD8B-65E4-4F56-A9BA-C6B5B914BE8D}.Debug|x86.Build.0 = Debug|Win32
		{AF82DD8B-65E4-4F56-A9BA-C6B5B914BE8D}.Release|x64.ActiveCfg = Release|x64
		{AF82DD8B-65E4-4F56-A9BA-C6B5B914BE8D}.Release|x64.Build.0 = Release|x64
		{AF82DD8B-65E4-4F56-A9BA-C6B5B914BE8D}.Release|x86.ActiveCfg = Release|Win32
		{AF82DD8B-65E4-4F56-A9BA-C6B5B914BE8D}.Release|x86.Build.0 = Release|Win32
	EndGlobalSection
	GlobalSection(SolutionProperties) = preSolution
		HideSolutionNode = FALSE
	EndGlobalSection
	GlobalSection(ExtensibilityGlobals) = postSolution
		SolutionGuid = {DFFD433C-8107-4CFE-BF5D-E56824F4C3E8}
	EndGlobalSection
EndGlobal
