
Microsoft Visual Studio Solution File, Format Version 12.00
# Visual Studio Version 16
VisualStudioVersion = 16.0.29609.76
MinimumVisualStudioVersion = 10.0.40219.1
Project("{8BC9CEB8-8B4A-11D0-8D11-00A0C91BC942}") = "mediator", "mediator\mediator.vcxproj", "{7B4C57C1-C70C-4B42-967D-65BFE2F643E5}"
EndProject
Global
	GlobalSection(SolutionConfigurationPlatforms) = preSolution
		Debug|x64 = Debug|x64
		Debug|x86 = Debug|x86
		Release|x64 = Release|x64
		Release|x86 = Release|x86
	EndGlobalSection
	GlobalSection(ProjectConfigurationPlatforms) = postSolution
		{7B4C57C1-C70C-4B42-967D-65BFE2F643E5}.Debug|x64.ActiveCfg = Debug|x64
		{7B4C57C1-C70C-4B42-967D-65BFE2F643E5}.Debug|x64.Build.0 = Debug|x64
		{7B4C57C1-C70C-4B42-967D-65BFE2F643E5}.Debug|x86.ActiveCfg = Debug|Win32
		{7B4C57C1-C70C-4B42-967D-65BFE2F643E5}.Debug|x86.Build.0 = Debug|Win32
		{7B4C57C1-C70C-4B42-967D-65BFE2F643E5}.Release|x64.ActiveCfg = Release|x64
		{7B4C57C1-C70C-4B42-967D-65BFE2F643E5}.Release|x64.Build.0 = Release|x64
		{7B4C57C1-C70C-4B42-967D-65BFE2F643E5}.Release|x86.ActiveCfg = Release|Win32
		{7B4C57C1-C70C-4B42-967D-65BFE2F643E5}.Release|x86.Build.0 = Release|Win32
	EndGlobalSection
	GlobalSection(SolutionProperties) = preSolution
		HideSolutionNode = FALSE
	EndGlobalSection
	GlobalSection(ExtensibilityGlobals) = postSolution
		SolutionGuid = {DFFD433C-8107-4CFE-BF5D-E56824F4C3E8}
	EndGlobalSection
EndGlobal
